
Microsoft Visual Studio Solution File, Format Version 12.00
# Visual Studio 15
Project("{FAE04EC0-301F-11D3-BF4B-00C04F79EFBC}") = "MyVRFirstTry", "Assembly-CSharp.csproj", "{D45BF951-D0F0-9A3D-91AC-B16FDEEB4291}"
EndProject
Project("{FAE04EC0-301F-11D3-BF4B-00C04F79EFBC}") = "MyVRFirstTry", "Assembly-CSharp-Editor.csproj", "{8CD3EBB7-F773-8021-32A9-C51BDB055AD7}"
EndProject
Global
	GlobalSection(SolutionConfigurationPlatforms) = preSolution
		Debug|Any CPU = Debug|Any CPU
		Release|Any CPU = Release|Any CPU
	EndGlobalSection
	GlobalSection(ProjectConfigurationPlatforms) = postSolution
		{D45BF951-D0F0-9A3D-91AC-B16FDEEB4291}.Debug|Any CPU.ActiveCfg = Debug|Any CPU
		{D45BF951-D0F0-9A3D-91AC-B16FDEEB4291}.Debug|Any CPU.Build.0 = Debug|Any CPU
		{D45BF951-D0F0-9A3D-91AC-B16FDEEB4291}.Release|Any CPU.ActiveCfg = Release|Any CPU
		{D45BF951-D0F0-9A3D-91AC-B16FDEEB4291}.Release|Any CPU.Build.0 = Release|Any CPU
		{8CD3EBB7-F773-8021-32A9-C51BDB055AD7}.Debug|Any CPU.ActiveCfg = Debug|Any CPU
		{8CD3EBB7-F773-8021-32A9-C51BDB055AD7}.Debug|Any CPU.Build.0 = Debug|Any CPU
		{8CD3EBB7-F773-8021-32A9-C51BDB055AD7}.Release|Any CPU.ActiveCfg = Release|Any CPU
		{8CD3EBB7-F773-8021-32A9-C51BDB055AD7}.Release|Any CPU.Build.0 = Release|Any CPU
	EndGlobalSection
	GlobalSection(SolutionProperties) = preSolution
		HideSolutionNode = FALSE
	EndGlobalSection
EndGlobal
